
Microsoft Visual Studio Solution File, Format Version 12.00
# Visual Studio 15
VisualStudioVersion = 15.0.27004.2006
MinimumVisualStudioVersion = 10.0.40219.1
Project("{FAE04EC0-301F-11D3-BF4B-00C04F79EFBC}") = "StruCal", "StruCal\StruCal.csproj", "{124CE20A-03FC-4FAE-ADA7-B77E8BC6DAD0}"
EndProject
Project("{FAE04EC0-301F-11D3-BF4B-00C04F79EFBC}") = "StruCal.Tests", "StruCal.Tests\StruCal.Tests.csproj", "{D7CB23B2-1AB4-45AA-ABB2-C9A95A67C9A9}"
EndProject
Project("{FAE04EC0-301F-11D3-BF4B-00C04F79EFBC}") = "Calculators", "Calculators\Calculators.csproj", "{8714154A-8818-4E4B-BFD8-F222D5034B32}"
EndProject
Project("{FAE04EC0-301F-11D3-BF4B-00C04F79EFBC}") = "Common", "Common\Common.csproj", "{C394E565-ED2A-434B-95F5-7B2B924EB9AC}"
EndProject
Project("{FAE04EC0-301F-11D3-BF4B-00C04F79EFBC}") = "CalculatorsTests", "CalculatorsTests\CalculatorsTests.csproj", "{89DA60B4-E244-458F-B6FF-CBBA57DB8584}"
EndProject
Global
	GlobalSection(SolutionConfigurationPlatforms) = preSolution
		Debug|Any CPU = Debug|Any CPU
		Release|Any CPU = Release|Any CPU
	EndGlobalSection
	GlobalSection(ProjectConfigurationPlatforms) = postSolution
		{124CE20A-03FC-4FAE-ADA7-B77E8BC6DAD0}.Debug|Any CPU.ActiveCfg = Debug|Any CPU
		{124CE20A-03FC-4FAE-ADA7-B77E8BC6DAD0}.Debug|Any CPU.Build.0 = Debug|Any CPU
		{124CE20A-03FC-4FAE-ADA7-B77E8BC6DAD0}.Release|Any CPU.ActiveCfg = Release|Any CPU
		{124CE20A-03FC-4FAE-ADA7-B77E8BC6DAD0}.Release|Any CPU.Build.0 = Release|Any CPU
		{D7CB23B2-1AB4-45AA-ABB2-C9A95A67C9A9}.Debug|Any CPU.ActiveCfg = Debug|Any CPU
		{D7CB23B2-1AB4-45AA-ABB2-C9A95A67C9A9}.Debug|Any CPU.Build.0 = Debug|Any CPU
		{D7CB23B2-1AB4-45AA-ABB2-C9A95A67C9A9}.Release|Any CPU.ActiveCfg = Release|Any CPU
		{D7CB23B2-1AB4-45AA-ABB2-C9A95A67C9A9}.Release|Any CPU.Build.0 = Release|Any CPU
		{8714154A-8818-4E4B-BFD8-F222D5034B32}.Debug|Any CPU.ActiveCfg = Debug|Any CPU
		{8714154A-8818-4E4B-BFD8-F222D5034B32}.Debug|Any CPU.Build.0 = Debug|Any CPU
		{8714154A-8818-4E4B-BFD8-F222D5034B32}.Release|Any CPU.ActiveCfg = Release|Any CPU
		{8714154A-8818-4E4B-BFD8-F222D5034B32}.Release|Any CPU.Build.0 = Release|Any CPU
		{C394E565-ED2A-434B-95F5-7B2B924EB9AC}.Debug|Any CPU.ActiveCfg = Debug|Any CPU
		{C394E565-ED2A-434B-95F5-7B2B924EB9AC}.Debug|Any CPU.Build.0 = Debug|Any CPU
		{C394E565-ED2A-434B-95F5-7B2B924EB9AC}.Release|Any CPU.ActiveCfg = Release|Any CPU
		{C394E565-ED2A-434B-95F5-7B2B924EB9AC}.Release|Any CPU.Build.0 = Release|Any CPU
		{89DA60B4-E244-458F-B6FF-CBBA57DB8584}.Debug|Any CPU.ActiveCfg = Debug|Any CPU
		{89DA60B4-E244-458F-B6FF-CBBA57DB8584}.Debug|Any CPU.Build.0 = Debug|Any CPU
		{89DA60B4-E244-458F-B6FF-CBBA57DB8584}.Release|Any CPU.ActiveCfg = Release|Any CPU
		{89DA60B4-E244-458F-B6FF-CBBA57DB8584}.Release|Any CPU.Build.0 = Release|Any CPU
	EndGlobalSection
	GlobalSection(SolutionProperties) = preSolution
		HideSolutionNode = FALSE
	EndGlobalSection
	GlobalSection(ExtensibilityGlobals) = postSolution
		SolutionGuid = {8B9942B5-8D11-4123-949E-80150FEEBB58}
	EndGlobalSection
EndGlobal
